
Microsoft Visual Studio Solution File, Format Version 9.00
# Visual Studio 2005
Project("{8BC9CEB8-8B4A-11D0-8D11-00A0C91BC942}") = "liblightstone", "liblightstone\liblightstone.vcproj", "{6F7E6C25-CC8B-4418-A5C7-6CE7E1A8134A}"
EndProject
Project("{8BC9CEB8-8B4A-11D0-8D11-00A0C91BC942}") = "lightstone_test", "lightstone_test\lightstone_test.vcproj", "{41FAF3C0-9464-43E7-AEF1-BFF362768167}"
	ProjectSection(ProjectDependencies) = postProject
		{6F7E6C25-CC8B-4418-A5C7-6CE7E1A8134A} = {6F7E6C25-CC8B-4418-A5C7-6CE7E1A8134A}
	EndProjectSection
EndProject
Global
	GlobalSection(SolutionConfigurationPlatforms) = preSolution
		Debug|Win32 = Debug|Win32
		Release|Win32 = Release|Win32
	EndGlobalSection
	GlobalSection(ProjectConfigurationPlatforms) = postSolution
		{6F7E6C25-CC8B-4418-A5C7-6CE7E1A8134A}.Debug|Win32.ActiveCfg = Debug|Win32
		{6F7E6C25-CC8B-4418-A5C7-6CE7E1A8134A}.Debug|Win32.Build.0 = Debug|Win32
		{6F7E6C25-CC8B-4418-A5C7-6CE7E1A8134A}.Release|Win32.ActiveCfg = Release|Win32
		{6F7E6C25-CC8B-4418-A5C7-6CE7E1A8134A}.Release|Win32.Build.0 = Release|Win32
		{41FAF3C0-9464-43E7-AEF1-BFF362768167}.Debug|Win32.ActiveCfg = Debug|Win32
		{41FAF3C0-9464-43E7-AEF1-BFF362768167}.Debug|Win32.Build.0 = Debug|Win32
		{41FAF3C0-9464-43E7-AEF1-BFF362768167}.Release|Win32.ActiveCfg = Release|Win32
		{41FAF3C0-9464-43E7-AEF1-BFF362768167}.Release|Win32.Build.0 = Release|Win32
	EndGlobalSection
	GlobalSection(SolutionProperties) = preSolution
		HideSolutionNode = FALSE
	EndGlobalSection
EndGlobal
